// !$*UTF8*$!
{
	archiveVersion = 1;
	classes = {
	};
	objectVersion = 48;
	objects = {

/* Begin PBXBuildFile section */
		3132D0912029FD5800706A4D /* BrainTests.swift in Sources */ = {isa = PBXBuildFile; fileRef = 3132D0902029FD5800706A4D /* BrainTests.swift */; };
		3132D097202A00B300706A4D /* Brain.swift in Sources */ = {isa = PBXBuildFile; fileRef = 3132D096202A00B300706A4D /* Brain.swift */; };
		31698339202B465300BB8D0A /* GameTests.swift in Sources */ = {isa = PBXBuildFile; fileRef = 31698338202B465300BB8D0A /* GameTests.swift */; };
		3169833D202B4C1C00BB8D0A /* Game.swift in Sources */ = {isa = PBXBuildFile; fileRef = 3169833C202B4C1C00BB8D0A /* Game.swift */; };
		3169833F202BA68A00BB8D0A /* ViewControllerUnitTests.swift in Sources */ = {isa = PBXBuildFile; fileRef = 3169833E202BA68A00BB8D0A /* ViewControllerUnitTests.swift */; };
		31698341202BFD7800BB8D0A /* ViewControllerUITests.swift in Sources */ = {isa = PBXBuildFile; fileRef = 31698340202BFD7800BB8D0A /* ViewControllerUITests.swift */; };
		31E71C9E2029FC0C006EDA23 /* AppDelegate.swift in Sources */ = {isa = PBXBuildFile; fileRef = 31E71C9D2029FC0C006EDA23 /* AppDelegate.swift */; };
		31E71CA02029FC0C006EDA23 /* ViewController.swift in Sources */ = {isa = PBXBuildFile; fileRef = 31E71C9F2029FC0C006EDA23 /* ViewController.swift */; };
		31E71CA32029FC0C006EDA23 /* Main.storyboard in Resources */ = {isa = PBXBuildFile; fileRef = 31E71CA12029FC0C006EDA23 /* Main.storyboard */; };
		31E71CA52029FC0C006EDA23 /* Assets.xcassets in Resources */ = {isa = PBXBuildFile; fileRef = 31E71CA42029FC0C006EDA23 /* Assets.xcassets */; };
		31E71CA82029FC0C006EDA23 /* LaunchScreen.storyboard in Resources */ = {isa = PBXBuildFile; fileRef = 31E71CA62029FC0C006EDA23 /* LaunchScreen.storyboard */; };
/* End PBXBuildFile section */

/* Begin PBXContainerItemProxy section */
		31E71CAF2029FC0C006EDA23 /* PBXContainerItemProxy */ = {
			isa = PBXContainerItemProxy;
			containerPortal = 31E71C922029FC0C006EDA23 /* Project object */;
			proxyType = 1;
			remoteGlobalIDString = 31E71C992029FC0C006EDA23;
			remoteInfo = FizzBuzz;
		};
		31E71CBA2029FC0C006EDA23 /* PBXContainerItemProxy */ = {
			isa = PBXContainerItemProxy;
			containerPortal = 31E71C922029FC0C006EDA23 /* Project object */;
			proxyType = 1;
			remoteGlobalIDString = 31E71C992029FC0C006EDA23;
			remoteInfo = FizzBuzz;
		};
/* End PBXContainerItemProxy section */

/* Begin PBXFileReference section */
		3132D0902029FD5800706A4D /* BrainTests.swift */ = {isa = PBXFileReference; lastKnownFileType = sourcecode.swift; path = BrainTests.swift; sourceTree = "<group>"; };
		3132D096202A00B300706A4D /* Brain.swift */ = {isa = PBXFileReference; lastKnownFileType = sourcecode.swift; path = Brain.swift; sourceTree = "<group>"; };
		31698338202B465300BB8D0A /* GameTests.swift */ = {isa = PBXFileReference; lastKnownFileType = sourcecode.swift; path = GameTests.swift; sourceTree = "<group>"; };
		3169833C202B4C1C00BB8D0A /* Game.swift */ = {isa = PBXFileReference; lastKnownFileType = sourcecode.swift; path = Game.swift; sourceTree = "<group>"; };
		3169833E202BA68A00BB8D0A /* ViewControllerUnitTests.swift */ = {isa = PBXFileReference; lastKnownFileType = sourcecode.swift; path = ViewControllerUnitTests.swift; sourceTree = "<group>"; };
		31698340202BFD7800BB8D0A /* ViewControllerUITests.swift */ = {isa = PBXFileReference; lastKnownFileType = sourcecode.swift; path = ViewControllerUITests.swift; sourceTree = "<group>"; };
		31E71C9A2029FC0C006EDA23 /* FizzBuzz.app */ = {isa = PBXFileReference; explicitFileType = wrapper.application; includeInIndex = 0; path = FizzBuzz.app; sourceTree = BUILT_PRODUCTS_DIR; };
		31E71C9D2029FC0C006EDA23 /* AppDelegate.swift */ = {isa = PBXFileReference; lastKnownFileType = sourcecode.swift; path = AppDelegate.swift; sourceTree = "<group>"; };
		31E71C9F2029FC0C006EDA23 /* ViewController.swift */ = {isa = PBXFileReference; lastKnownFileType = sourcecode.swift; path = ViewController.swift; sourceTree = "<group>"; };
		31E71CA22029FC0C006EDA23 /* Base */ = {isa = PBXFileReference; lastKnownFileType = file.storyboard; name = Base; path = Base.lproj/Main.storyboard; sourceTree = "<group>"; };
		31E71CA42029FC0C006EDA23 /* Assets.xcassets */ = {isa = PBXFileReference; lastKnownFileType = folder.assetcatalog; path = Assets.xcassets; sourceTree = "<group>"; };
		31E71CA72029FC0C006EDA23 /* Base */ = {isa = PBXFileReference; lastKnownFileType = file.storyboard; name = Base; path = Base.lproj/LaunchScreen.storyboard; sourceTree = "<group>"; };
		31E71CA92029FC0C006EDA23 /* Info.plist */ = {isa = PBXFileReference; lastKnownFileType = text.plist.xml; path = Info.plist; sourceTree = "<group>"; };
		31E71CAE2029FC0C006EDA23 /* FizzBuzzTests.xctest */ = {isa = PBXFileReference; explicitFileType = wrapper.cfbundle; includeInIndex = 0; path = FizzBuzzTests.xctest; sourceTree = BUILT_PRODUCTS_DIR; };
		31E71CB42029FC0C006EDA23 /* Info.plist */ = {isa = PBXFileReference; lastKnownFileType = text.plist.xml; path = Info.plist; sourceTree = "<group>"; };
		31E71CB92029FC0C006EDA23 /* FizzBuzzUITests.xctest */ = {isa = PBXFileReference; explicitFileType = wrapper.cfbundle; includeInIndex = 0; path = FizzBuzzUITests.xctest; sourceTree = BUILT_PRODUCTS_DIR; };
		31E71CBF2029FC0C006EDA23 /* Info.plist */ = {isa = PBXFileReference; lastKnownFileType = text.plist.xml; path = Info.plist; sourceTree = "<group>"; };
/* End PBXFileReference section */

/* Begin PBXFrameworksBuildPhase section */
		31E71C972029FC0C006EDA23 /* Frameworks */ = {
			isa = PBXFrameworksBuildPhase;
			buildActionMask = 2147483647;
			files = (
			);
			runOnlyForDeploymentPostprocessing = 0;
		};
		31E71CAB2029FC0C006EDA23 /* Frameworks */ = {
			isa = PBXFrameworksBuildPhase;
			buildActionMask = 2147483647;
			files = (
			);
			runOnlyForDeploymentPostprocessing = 0;
		};
		31E71CB62029FC0C006EDA23 /* Frameworks */ = {
			isa = PBXFrameworksBuildPhase;
			buildActionMask = 2147483647;
			files = (
			);
			runOnlyForDeploymentPostprocessing = 0;
		};
/* End PBXFrameworksBuildPhase section */

/* Begin PBXGroup section */
		31E71C912029FC0C006EDA23 = {
			isa = PBXGroup;
			children = (
				31E71C9C2029FC0C006EDA23 /* FizzBuzz */,
				31E71CB12029FC0C006EDA23 /* FizzBuzzTests */,
				31E71CBC2029FC0C006EDA23 /* FizzBuzzUITests */,
				31E71C9B2029FC0C006EDA23 /* Products */,
			);
			sourceTree = "<group>";
		};
		31E71C9B2029FC0C006EDA23 /* Products */ = {
			isa = PBXGroup;
			children = (
				31E71C9A2029FC0C006EDA23 /* FizzBuzz.app */,
				31E71CAE2029FC0C006EDA23 /* FizzBuzzTests.xctest */,
				31E71CB92029FC0C006EDA23 /* FizzBuzzUITests.xctest */,
			);
			name = Products;
			sourceTree = "<group>";
		};
		31E71C9C2029FC0C006EDA23 /* FizzBuzz */ = {
			isa = PBXGroup;
			children = (
				31E71C9D2029FC0C006EDA23 /* AppDelegate.swift */,
				31E71C9F2029FC0C006EDA23 /* ViewController.swift */,
				31E71CA12029FC0C006EDA23 /* Main.storyboard */,
				31E71CA42029FC0C006EDA23 /* Assets.xcassets */,
				31E71CA62029FC0C006EDA23 /* LaunchScreen.storyboard */,
				31E71CA92029FC0C006EDA23 /* Info.plist */,
				3132D096202A00B300706A4D /* Brain.swift */,
				3169833C202B4C1C00BB8D0A /* Game.swift */,
			);
			path = FizzBuzz;
			sourceTree = "<group>";
		};
		31E71CB12029FC0C006EDA23 /* FizzBuzzTests */ = {
			isa = PBXGroup;
			children = (
				31E71CB42029FC0C006EDA23 /* Info.plist */,
				3132D0902029FD5800706A4D /* BrainTests.swift */,
				31698338202B465300BB8D0A /* GameTests.swift */,
				3169833E202BA68A00BB8D0A /* ViewControllerUnitTests.swift */,
			);
			path = FizzBuzzTests;
			sourceTree = "<group>";
		};
		31E71CBC2029FC0C006EDA23 /* FizzBuzzUITests */ = {
			isa = PBXGroup;
			children = (
				31E71CBF2029FC0C006EDA23 /* Info.plist */,
				31698340202BFD7800BB8D0A /* ViewControllerUITests.swift */,
			);
			path = FizzBuzzUITests;
			sourceTree = "<group>";
		};
/* End PBXGroup section */

/* Begin PBXNativeTarget section */
		31E71C992029FC0C006EDA23 /* FizzBuzz */ = {
			isa = PBXNativeTarget;
			buildConfigurationList = 31E71CC22029FC0C006EDA23 /* Build configuration list for PBXNativeTarget "FizzBuzz" */;
			buildPhases = (
				31E71C962029FC0C006EDA23 /* Sources */,
				31E71C972029FC0C006EDA23 /* Frameworks */,
				31E71C982029FC0C006EDA23 /* Resources */,
			);
			buildRules = (
			);
			dependencies = (
			);
			name = FizzBuzz;
			productName = FizzBuzz;
			productReference = 31E71C9A2029FC0C006EDA23 /* FizzBuzz.app */;
			productType = "com.apple.product-type.application";
		};
		31E71CAD2029FC0C006EDA23 /* FizzBuzzTests */ = {
			isa = PBXNativeTarget;
			buildConfigurationList = 31E71CC52029FC0C006EDA23 /* Build configuration list for PBXNativeTarget "FizzBuzzTests" */;
			buildPhases = (
				31E71CAA2029FC0C006EDA23 /* Sources */,
				31E71CAB2029FC0C006EDA23 /* Frameworks */,
				31E71CAC2029FC0C006EDA23 /* Resources */,
			);
			buildRules = (
			);
			dependencies = (
				31E71CB02029FC0C006EDA23 /* PBXTargetDependency */,
			);
			name = FizzBuzzTests;
			productName = FizzBuzzTests;
			productReference = 31E71CAE2029FC0C006EDA23 /* FizzBuzzTests.xctest */;
			productType = "com.apple.product-type.bundle.unit-test";
		};
		31E71CB82029FC0C006EDA23 /* FizzBuzzUITests */ = {
			isa = PBXNativeTarget;
			buildConfigurationList = 31E71CC82029FC0C006EDA23 /* Build configuration list for PBXNativeTarget "FizzBuzzUITests" */;
			buildPhases = (
				31E71CB52029FC0C006EDA23 /* Sources */,
				31E71CB62029FC0C006EDA23 /* Frameworks */,
				31E71CB72029FC0C006EDA23 /* Resources */,
			);
			buildRules = (
			);
			dependencies = (
				31E71CBB2029FC0C006EDA23 /* PBXTargetDependency */,
			);
			name = FizzBuzzUITests;
			productName = FizzBuzzUITests;
			productReference = 31E71CB92029FC0C006EDA23 /* FizzBuzzUITests.xctest */;
			productType = "com.apple.product-type.bundle.ui-testing";
		};
/* End PBXNativeTarget section */

/* Begin PBXProject section */
		31E71C922029FC0C006EDA23 /* Project object */ = {
			isa = PBXProject;
			attributes = {
				LastSwiftUpdateCheck = 0920;
				LastUpgradeCheck = 0920;
				ORGANIZATIONNAME = Thoughtworks;
				TargetAttributes = {
					31E71C992029FC0C006EDA23 = {
						CreatedOnToolsVersion = 9.2;
						ProvisioningStyle = Automatic;
					};
					31E71CAD2029FC0C006EDA23 = {
						CreatedOnToolsVersion = 9.2;
						LastSwiftMigration = 0920;
						ProvisioningStyle = Automatic;
						TestTargetID = 31E71C992029FC0C006EDA23;
					};
					31E71CB82029FC0C006EDA23 = {
						CreatedOnToolsVersion = 9.2;
						LastSwiftMigration = 0920;
						ProvisioningStyle = Automatic;
						TestTargetID = 31E71C992029FC0C006EDA23;
					};
				};
			};
			buildConfigurationList = 31E71C952029FC0C006EDA23 /* Build configuration list for PBXProject "FizzBuzz" */;
			compatibilityVersion = "Xcode 8.0";
			developmentRegion = en;
			hasScannedForEncodings = 0;
			knownRegions = (
				en,
				Base,
			);
			mainGroup = 31E71C912029FC0C006EDA23;
			productRefGroup = 31E71C9B2029FC0C006EDA23 /* Products */;
			projectDirPath = "";
			projectRoot = "";
			targets = (
				31E71C992029FC0C006EDA23 /* FizzBuzz */,
				31E71CAD2029FC0C006EDA23 /* FizzBuzzTests */,
				31E71CB82029FC0C006EDA23 /* FizzBuzzUITests */,
			);
		};
/* End PBXProject section */

/* Begin PBXResourcesBuildPhase section */
		31E71C982029FC0C006EDA23 /* Resources */ = {
			isa = PBXResourcesBuildPhase;
			buildActionMask = 2147483647;
			files = (
				31E71CA82029FC0C006EDA23 /* LaunchScreen.storyboard in Resources */,
				31E71CA52029FC0C006EDA23 /* Assets.xcassets in Resources */,
				31E71CA32029FC0C006EDA23 /* Main.storyboard in Resources */,
			);
			runOnlyForDeploymentPostprocessing = 0;
		};
		31E71CAC2029FC0C006EDA23 /* Resources */ = {
			isa = PBXResourcesBuildPhase;
			buildActionMask = 2147483647;
			files = (
			);
			runOnlyForDeploymentPostprocessing = 0;
		};
		31E71CB72029FC0C006EDA23 /* Resources */ = {
			isa = PBXResourcesBuildPhase;
			buildActionMask = 2147483647;
			files = (
			);
			runOnlyForDeploymentPostprocessing = 0;
		};
/* End PBXResourcesBuildPhase section */

/* Begin PBXSourcesBuildPhase section */
		31E71C962029FC0C006EDA23 /* Sources */ = {
			isa = PBXSourcesBuildPhase;
			buildActionMask = 2147483647;
			files = (
				31E71CA02029FC0C006EDA23 /* ViewController.swift in Sources */,
				3132D097202A00B300706A4D /* Brain.swift in Sources */,
				31E71C9E2029FC0C006EDA23 /* AppDelegate.swift in Sources */,
				3169833D202B4C1C00BB8D0A /* Game.swift in Sources */,
			);
			runOnlyForDeploymentPostprocessing = 0;
		};
		31E71CAA2029FC0C006EDA23 /* Sources */ = {
			isa = PBXSourcesBuildPhase;
			buildActionMask = 2147483647;
			files = (
				3132D0912029FD5800706A4D /* BrainTests.swift in Sources */,
				31698339202B465300BB8D0A /* GameTests.swift in Sources */,
				3169833F202BA68A00BB8D0A /* ViewControllerUnitTests.swift in Sources */,
			);
			runOnlyForDeploymentPostprocessing = 0;
		};
		31E71CB52029FC0C006EDA23 /* Sources */ = {
			isa = PBXSourcesBuildPhase;
			buildActionMask = 2147483647;
			files = (
				31698341202BFD7800BB8D0A /* ViewControllerUITests.swift in Sources */,
			);
			runOnlyForDeploymentPostprocessing = 0;
		};
/* End PBXSourcesBuildPhase section */

/* Begin PBXTargetDependency section */
		31E71CB02029FC0C006EDA23 /* PBXTargetDependency */ = {
			isa = PBXTargetDependency;
			target = 31E71C992029FC0C006EDA23 /* FizzBuzz */;
			targetProxy = 31E71CAF2029FC0C006EDA23 /* PBXContainerItemProxy */;
		};
		31E71CBB2029FC0C006EDA23 /* PBXTargetDependency */ = {
			isa = PBXTargetDependency;
			target = 31E71C992029FC0C006EDA23 /* FizzBuzz */;
			targetProxy = 31E71CBA2029FC0C006EDA23 /* PBXContainerItemProxy */;
		};
/* End PBXTargetDependency section */

/* Begin PBXVariantGroup section */
		31E71CA12029FC0C006EDA23 /* Main.storyboard */ = {
			isa = PBXVariantGroup;
			children = (
				31E71CA22029FC0C006EDA23 /* Base */,
			);
			name = Main.storyboard;
			sourceTree = "<group>";
		};
		31E71CA62029FC0C006EDA23 /* LaunchScreen.storyboard */ = {
			isa = PBXVariantGroup;
			children = (
				31E71CA72029FC0C006EDA23 /* Base */,
			);
			name = LaunchScreen.storyboard;
			sourceTree = "<group>";
		};
/* End PBXVariantGroup section */

/* Begin XCBuildConfiguration section */
		31E71CC02029FC0C006EDA23 /* Debug */ = {
			isa = XCBuildConfiguration;
			buildSettings = {
				ALWAYS_SEARCH_USER_PATHS = NO;
				CLANG_ANALYZER_NONNULL = YES;
				CLANG_ANALYZER_NUMBER_OBJECT_CONVERSION = YES_AGGRESSIVE;
				CLANG_CXX_LANGUAGE_STANDARD = "gnu++14";
				CLANG_CXX_LIBRARY = "libc++";
				CLANG_ENABLE_MODULES = YES;
				CLANG_ENABLE_OBJC_ARC = YES;
				CLANG_WARN_BLOCK_CAPTURE_AUTORELEASING = YES;
				CLANG_WARN_BOOL_CONVERSION = YES;
				CLANG_WARN_COMMA = YES;
				CLANG_WARN_CONSTANT_CONVERSION = YES;
				CLANG_WARN_DIRECT_OBJC_ISA_USAGE = YES_ERROR;
				CLANG_WARN_DOCUMENTATION_COMMENTS = YES;
				CLANG_WARN_EMPTY_BODY = YES;
				CLANG_WARN_ENUM_CONVERSION = YES;
				CLANG_WARN_INFINITE_RECURSION = YES;
				CLANG_WARN_INT_CONVERSION = YES;
				CLANG_WARN_NON_LITERAL_NULL_CONVERSION = YES;
				CLANG_WARN_OBJC_LITERAL_CONVERSION = YES;
				CLANG_WARN_OBJC_ROOT_CLASS = YES_ERROR;
				CLANG_WARN_RANGE_LOOP_ANALYSIS = YES;
				CLANG_WARN_STRICT_PROTOTYPES = YES;
				CLANG_WARN_SUSPICIOUS_MOVE = YES;
				CLANG_WARN_UNGUARDED_AVAILABILITY = YES_AGGRESSIVE;
				CLANG_WARN_UNREACHABLE_CODE = YES;
				CLANG_WARN__DUPLICATE_METHOD_MATCH = YES;
				CODE_SIGN_IDENTITY = "iPhone Developer";
				COPY_PHASE_STRIP = NO;
				DEBUG_INFORMATION_FORMAT = dwarf;
				ENABLE_STRICT_OBJC_MSGSEND = YES;
				ENABLE_TESTABILITY = YES;
				GCC_C_LANGUAGE_STANDARD = gnu11;
				GCC_DYNAMIC_NO_PIC = NO;
				GCC_NO_COMMON_BLOCKS = YES;
				GCC_OPTIMIZATION_LEVEL = 0;
				GCC_PREPROCESSOR_DEFINITIONS = (
					"DEBUG=1",
					"$(inherited)",
				);
				GCC_WARN_64_TO_32_BIT_CONVERSION = YES;
				GCC_WARN_ABOUT_RETURN_TYPE = YES_ERROR;
				GCC_WARN_UNDECLARED_SELECTOR = YES;
				GCC_WARN_UNINITIALIZED_AUTOS = YES_AGGRESSIVE;
				GCC_WARN_UNUSED_FUNCTION = YES;
				GCC_WARN_UNUSED_VARIABLE = YES;
				IPHONEOS_DEPLOYMENT_TARGET = 11.2;
				MTL_ENABLE_DEBUG_INFO = YES;
				ONLY_ACTIVE_ARCH = YES;
				SDKROOT = iphoneos;
				SWIFT_ACTIVE_COMPILATION_CONDITIONS = DEBUG;
				SWIFT_OPTIMIZATION_LEVEL = "-Onone";
			};
			name = Debug;
		};
		31E71CC12029FC0C006EDA23 /* Release */ = {
			isa = XCBuildConfiguration;
			buildSettings = {
				ALWAYS_SEARCH_USER_PATHS = NO;
				CLANG_ANALYZER_NONNULL = YES;
				CLANG_ANALYZER_NUMBER_OBJECT_CONVERSION = YES_AGGRESSIVE;
				CLANG_CXX_LANGUAGE_STANDARD = "gnu++14";
				CLANG_CXX_LIBRARY = "libc++";
				CLANG_ENABLE_MODULES = YES;
				CLANG_ENABLE_OBJC_ARC = YES;
				CLANG_WARN_BLOCK_CAPTURE_AUTORELEASING = YES;
				CLANG_WARN_BOOL_CONVERSION = YES;
				CLANG_WARN_COMMA = YES;
				CLANG_WARN_CONSTANT_CONVERSION = YES;
				CLANG_WARN_DIRECT_OBJC_ISA_USAGE = YES_ERROR;
				CLANG_WARN_DOCUMENTATION_COMMENTS = YES;
				CLANG_WARN_EMPTY_BODY = YES;
				CLANG_WARN_ENUM_CONVERSION = YES;
				CLANG_WARN_INFINITE_RECURSION = YES;
				CLANG_WARN_INT_CONVERSION = YES;
				CLANG_WARN_NON_LITERAL_NULL_CONVERSION = YES;
				CLANG_WARN_OBJC_LITERAL_CONVERSION = YES;
				CLANG_WARN_OBJC_ROOT_CLASS = YES_ERROR;
				CLANG_WARN_RANGE_LOOP_ANALYSIS = YES;
				CLANG_WARN_STRICT_PROTOTYPES = YES;
				CLANG_WARN_SUSPICIOUS_MOVE = YES;
				CLANG_WARN_UNGUARDED_AVAILABILITY = YES_AGGRESSIVE;
				CLANG_WARN_UNREACHABLE_CODE = YES;
				CLANG_WARN__DUPLICATE_METHOD_MATCH = YES;
				CODE_SIGN_IDENTITY = "iPhone Developer";
				COPY_PHASE_STRIP = NO;
				DEBUG_INFORMATION_FORMAT = "dwarf-with-dsym";
				ENABLE_NS_ASSERTIONS = NO;
				ENABLE_STRICT_OBJC_MSGSEND = YES;
				GCC_C_LANGUAGE_STANDARD = gnu11;
				GCC_NO_COMMON_BLOCKS = YES;
				GCC_WARN_64_TO_32_BIT_CONVERSION = YES;
				GCC_WARN_ABOUT_RETURN_TYPE = YES_ERROR;
				GCC_WARN_UNDECLARED_SELECTOR = YES;
				GCC_WARN_UNINITIALIZED_AUTOS = YES_AGGRESSIVE;
				GCC_WARN_UNUSED_FUNCTION = YES;
				GCC_WARN_UNUSED_VARIABLE = YES;
				IPHONEOS_DEPLOYMENT_TARGET = 11.2;
				MTL_ENABLE_DEBUG_INFO = NO;
				SDKROOT = iphoneos;
				SWIFT_OPTIMIZATION_LEVEL = "-Owholemodule";
				VALIDATE_PRODUCT = YES;
			};
			name = Release;
		};
		31E71CC32029FC0C006EDA23 /* Debug */ = {
			isa = XCBuildConfiguration;
			buildSettings = {
				ASSETCATALOG_COMPILER_APPICON_NAME = AppIcon;
				CODE_SIGN_STYLE = Automatic;
				DEVELOPMENT_TEAM = T26366CZ44;
				INFOPLIST_FILE = FizzBuzz/Info.plist;
				IPHONEOS_DEPLOYMENT_TARGET = 11.2;
				LD_RUNPATH_SEARCH_PATHS = "$(inherited) @executable_path/Frameworks";
				PRODUCT_BUNDLE_IDENTIFIER = Thoughtworks.FizzBuzz;
				PRODUCT_NAME = "$(TARGET_NAME)";
				SWIFT_VERSION = 4.0;
				TARGETED_DEVICE_FAMILY = "1,2";
			};
			name = Debug;
		};
		31E71CC42029FC0C006EDA23 /* Release */ = {
			isa = XCBuildConfiguration;
			buildSettings = {
				ASSETCATALOG_COMPILER_APPICON_NAME = AppIcon;
				CODE_SIGN_STYLE = Automatic;
				DEVELOPMENT_TEAM = T26366CZ44;
				INFOPLIST_FILE = FizzBuzz/Info.plist;
				IPHONEOS_DEPLOYMENT_TARGET = 11.2;
				LD_RUNPATH_SEARCH_PATHS = "$(inherited) @executable_path/Frameworks";
				PRODUCT_BUNDLE_IDENTIFIER = Thoughtworks.FizzBuzz;
				PRODUCT_NAME = "$(TARGET_NAME)";
				SWIFT_VERSION = 4.0;
				TARGETED_DEVICE_FAMILY = "1,2";
			};
			name = Release;
		};
		31E71CC62029FC0C006EDA23 /* Debug */ = {
			isa = XCBuildConfiguration;
			buildSettings = {
				ALWAYS_EMBED_SWIFT_STANDARD_LIBRARIES = YES;
				BUNDLE_LOADER = "$(TEST_HOST)";
				CLANG_ENABLE_MODULES = YES;
				CODE_SIGN_STYLE = Automatic;
				INFOPLIST_FILE = FizzBuzzTests/Info.plist;
				LD_RUNPATH_SEARCH_PATHS = "$(inherited) @executable_path/Frameworks @loader_path/Frameworks";
				PRODUCT_BUNDLE_IDENTIFIER = Thoughtworks.FizzBuzzTests;
				PRODUCT_NAME = "$(TARGET_NAME)";
				SWIFT_OPTIMIZATION_LEVEL = "-Onone";
				SWIFT_VERSION = 4.0;
				TARGETED_DEVICE_FAMILY = "1,2";
				TEST_HOST = "$(BUILT_PRODUCTS_DIR)/FizzBuzz.app/FizzBuzz";
			};
			name = Debug;
		};
		31E71CC72029FC0C006EDA23 /* Release */ = {
			isa = XCBuildConfiguration;
			buildSettings = {
				ALWAYS_EMBED_SWIFT_STANDARD_LIBRARIES = YES;
				BUNDLE_LOADER = "$(TEST_HOST)";
				CLANG_ENABLE_MODULES = YES;
				CODE_SIGN_STYLE = Automatic;
				INFOPLIST_FILE = FizzBuzzTests/Info.plist;
				LD_RUNPATH_SEARCH_PATHS = "$(inherited) @executable_path/Frameworks @loader_path/Frameworks";
				PRODUCT_BUNDLE_IDENTIFIER = Thoughtworks.FizzBuzzTests;
				PRODUCT_NAME = "$(TARGET_NAME)";
				SWIFT_VERSION = 4.0;
				TARGETED_DEVICE_FAMILY = "1,2";
				TEST_HOST = "$(BUILT_PRODUCTS_DIR)/FizzBuzz.app/FizzBuzz";
			};
			name = Release;
		};
		31E71CC92029FC0C006EDA23 /* Debug */ = {
			isa = XCBuildConfiguration;
			buildSettings = {
				ALWAYS_EMBED_SWIFT_STANDARD_LIBRARIES = YES;
				CLANG_ENABLE_MODULES = YES;
				CODE_SIGN_STYLE = Automatic;
				INFOPLIST_FILE = FizzBuzzUITests/Info.plist;
				LD_RUNPATH_SEARCH_PATHS = "$(inherited) @executable_path/Frameworks @loader_path/Frameworks";
				PRODUCT_BUNDLE_IDENTIFIER = Thoughtworks.FizzBuzzUITests;
				PRODUCT_NAME = "$(TARGET_NAME)";
				SWIFT_OPTIMIZATION_LEVEL = "-Onone";
				SWIFT_VERSION = 4.0;
				TARGETED_DEVICE_FAMILY = "1,2";
				TEST_TARGET_NAME = FizzBuzz;
			};
			name = Debug;
		};
		31E71CCA2029FC0C006EDA23 /* Release */ = {
			isa = XCBuildConfiguration;
			buildSettings = {
				ALWAYS_EMBED_SWIFT_STANDARD_LIBRARIES = YES;
				CLANG_ENABLE_MODULES = YES;
				CODE_SIGN_STYLE = Automatic;
				INFOPLIST_FILE = FizzBuzzUITests/Info.plist;
				LD_RUNPATH_SEARCH_PATHS = "$(inherited) @executable_path/Frameworks @loader_path/Frameworks";
				PRODUCT_BUNDLE_IDENTIFIER = Thoughtworks.FizzBuzzUITests;
				PRODUCT_NAME = "$(TARGET_NAME)";
				SWIFT_VERSION = 4.0;
				TARGETED_DEVICE_FAMILY = "1,2";
				TEST_TARGET_NAME = FizzBuzz;
			};
			name = Release;
		};
/* End XCBuildConfiguration section */

/* Begin XCConfigurationList section */
		31E71C952029FC0C006EDA23 /* Build configuration list for PBXProject "FizzBuzz" */ = {
			isa = XCConfigurationList;
			buildConfigurations = (
				31E71CC02029FC0C006EDA23 /* Debug */,
				31E71CC12029FC0C006EDA23 /* Release */,
			);
			defaultConfigurationIsVisible = 0;
			defaultConfigurationName = Release;
		};
		31E71CC22029FC0C006EDA23 /* Build configuration list for PBXNativeTarget "FizzBuzz" */ = {
			isa = XCConfigurationList;
			buildConfigurations = (
				31E71CC32029FC0C006EDA23 /* Debug */,
				31E71CC42029FC0C006EDA23 /* Release */,
			);
			defaultConfigurationIsVisible = 0;
			defaultConfigurationName = Release;
		};
		31E71CC52029FC0C006EDA23 /* Build configuration list for PBXNativeTarget "FizzBuzzTests" */ = {
			isa = XCConfigurationList;
			buildConfigurations = (
				31E71CC62029FC0C006EDA23 /* Debug */,
				31E71CC72029FC0C006EDA23 /* Release */,
			);
			defaultConfigurationIsVisible = 0;
			defaultConfigurationName = Release;
		};
		31E71CC82029FC0C006EDA23 /* Build configuration list for PBXNativeTarget "FizzBuzzUITests" */ = {
			isa = XCConfigurationList;
			buildConfigurations = (
				31E71CC92029FC0C006EDA23 /* Debug */,
				31E71CCA2029FC0C006EDA23 /* Release */,
			);
			defaultConfigurationIsVisible = 0;
			defaultConfigurationName = Release;
		};
/* End XCConfigurationList section */
	};
	rootObject = 31E71C922029FC0C006EDA23 /* Project object */;
}
